
Microsoft Visual Studio Solution File, Format Version 12.00
# Visual Studio Version 16
VisualStudioVersion = 16.0.30709.132
MinimumVisualStudioVersion = 10.0.40219.1
Project("{FAE04EC0-301F-11D3-BF4B-00C04F79EFBC}") = "APIWEB", "APIWEB\APIWEB.csproj", "{06BD1E35-D9B3-4144-BB91-5310A7B63A5C}"
EndProject
Global
	GlobalSection(SolutionConfigurationPlatforms) = preSolution
		Debug|Any CPU = Debug|Any CPU
		Release|Any CPU = Release|Any CPU
	EndGlobalSection
	GlobalSection(ProjectConfigurationPlatforms) = postSolution
		{06BD1E35-D9B3-4144-BB91-5310A7B63A5C}.Debug|Any CPU.ActiveCfg = Debug|Any CPU
		{06BD1E35-D9B3-4144-BB91-5310A7B63A5C}.Debug|Any CPU.Build.0 = Debug|Any CPU
		{06BD1E35-D9B3-4144-BB91-5310A7B63A5C}.Release|Any CPU.ActiveCfg = Release|Any CPU
		{06BD1E35-D9B3-4144-BB91-5310A7B63A5C}.Release|Any CPU.Build.0 = Release|Any CPU
	EndGlobalSection
	GlobalSection(SolutionProperties) = preSolution
		HideSolutionNode = FALSE
	EndGlobalSection
	GlobalSection(ExtensibilityGlobals) = postSolution
		SolutionGuid = {BE238F19-024C-43E0-B949-9A3B81E2C7DE}
	EndGlobalSection
EndGlobal
